
Microsoft Visual Studio Solution File, Format Version 12.00
# Visual Studio Version 17
VisualStudioVersion = 17.12.35527.113
MinimumVisualStudioVersion = 10.0.40219.1
Project("{FAE04EC0-301F-11D3-BF4B-00C04F79EFBC}") = "QuickLook.Plugin.GitViewer", "QuickLook.Plugin.GitViewer.csproj", "{45E94893-3076-4A8E-8969-6955B6340739}"
EndProject
Project("{2150E333-8FDC-42A3-9474-1A3956D46DE8}") = "Solution Items", "Solution Items", "{37470EB1-C70E-4B13-85BD-0FD364AAB72F}"
	ProjectSection(SolutionItems) = preProject
		Readme.md = Readme.md
	EndProjectSection
EndProject
Global
	GlobalSection(SolutionConfigurationPlatforms) = preSolution
		Debug|Any CPU = Debug|Any CPU
		Debug|x86 = Debug|x86
		Release|Any CPU = Release|Any CPU
		Release|x86 = Release|x86
	EndGlobalSection
	GlobalSection(ProjectConfigurationPlatforms) = postSolution
		{45E94893-3076-4A8E-8969-6955B6340739}.Debug|Any CPU.ActiveCfg = Debug|Any CPU
		{45E94893-3076-4A8E-8969-6955B6340739}.Debug|Any CPU.Build.0 = Debug|Any CPU
		{45E94893-3076-4A8E-8969-6955B6340739}.Debug|x86.ActiveCfg = Debug|x86
		{45E94893-3076-4A8E-8969-6955B6340739}.Debug|x86.Build.0 = Debug|x86
		{45E94893-3076-4A8E-8969-6955B6340739}.Release|Any CPU.ActiveCfg = Release|Any CPU
		{45E94893-3076-4A8E-8969-6955B6340739}.Release|Any CPU.Build.0 = Release|Any CPU
		{45E94893-3076-4A8E-8969-6955B6340739}.Release|x86.ActiveCfg = Release|x86
		{45E94893-3076-4A8E-8969-6955B6340739}.Release|x86.Build.0 = Release|x86
	EndGlobalSection
	GlobalSection(SolutionProperties) = preSolution
		HideSolutionNode = FALSE
	EndGlobalSection
EndGlobal
